
Microsoft Visual Studio Solution File, Format Version 12.00
# Visual Studio Version 17
VisualStudioVersion = 17.11.35312.102
MinimumVisualStudioVersion = 10.0.40219.1
Project("{9A19103F-16F7-4668-BE54-9A1E7A4F7556}") = "GuardGallivantPart1", "GuardGallivantPart1.csproj", "{B630160D-3F30-4545-B58A-D69B8C632A8E}"
EndProject
Global
	GlobalSection(SolutionConfigurationPlatforms) = preSolution
		Debug|Any CPU = Debug|Any CPU
		Release|Any CPU = Release|Any CPU
	EndGlobalSection
	GlobalSection(ProjectConfigurationPlatforms) = postSolution
		{B630160D-3F30-4545-B58A-D69B8C632A8E}.Debug|Any CPU.ActiveCfg = Debug|Any CPU
		{B630160D-3F30-4545-B58A-D69B8C632A8E}.Debug|Any CPU.Build.0 = Debug|Any CPU
		{B630160D-3F30-4545-B58A-D69B8C632A8E}.Release|Any CPU.ActiveCfg = Release|Any CPU
		{B630160D-3F30-4545-B58A-D69B8C632A8E}.Release|Any CPU.Build.0 = Release|Any CPU
	EndGlobalSection
	GlobalSection(SolutionProperties) = preSolution
		HideSolutionNode = FALSE
	EndGlobalSection
	GlobalSection(ExtensibilityGlobals) = postSolution
		SolutionGuid = {15398A6A-DF0D-461A-B41D-E9D23B348709}
	EndGlobalSection
EndGlobal
